
Microsoft Visual Studio Solution File, Format Version 12.00
# Visual Studio Version 17
VisualStudioVersion = 17.10.34928.147
MinimumVisualStudioVersion = 10.0.40219.1
Project("{FAE04EC0-301F-11D3-BF4B-00C04F79EFBC}") = "MyCareApp", "MyCareApp\MyCareApp.csproj", "{D3C7AE30-21D4-479C-8167-370901D76ADC}"
EndProject
Global
	GlobalSection(SolutionConfigurationPlatforms) = preSolution
		Debug|Any CPU = Debug|Any CPU
		Release|Any CPU = Release|Any CPU
	EndGlobalSection
	GlobalSection(ProjectConfigurationPlatforms) = postSolution
		{D3C7AE30-21D4-479C-8167-370901D76ADC}.Debug|Any CPU.ActiveCfg = Debug|Any CPU
		{D3C7AE30-21D4-479C-8167-370901D76ADC}.Debug|Any CPU.Build.0 = Debug|Any CPU
		{D3C7AE30-21D4-479C-8167-370901D76ADC}.Release|Any CPU.ActiveCfg = Release|Any CPU
		{D3C7AE30-21D4-479C-8167-370901D76ADC}.Release|Any CPU.Build.0 = Release|Any CPU
	EndGlobalSection
	GlobalSection(SolutionProperties) = preSolution
		HideSolutionNode = FALSE
	EndGlobalSection
	GlobalSection(ExtensibilityGlobals) = postSolution
		SolutionGuid = {E2916CE4-1A60-492D-8AE6-5A7A29BD2016}
	EndGlobalSection
EndGlobal
